
Microsoft Visual Studio Solution File, Format Version 12.00
# Visual Studio Version 16
VisualStudioVersion = 16.0.32228.343
MinimumVisualStudioVersion = 10.0.40219.1
Project("{FAE04EC0-301F-11D3-BF4B-00C04F79EFBC}") = "MeghdadIT", "MeghdadIT.csproj", "{1258650C-0B03-4DEE-A6B1-47D8856B410E}"
EndProject
Global
	GlobalSection(SolutionConfigurationPlatforms) = preSolution
		Debug|Any CPU = Debug|Any CPU
		Release|Any CPU = Release|Any CPU
	EndGlobalSection
	GlobalSection(ProjectConfigurationPlatforms) = postSolution
		{1258650C-0B03-4DEE-A6B1-47D8856B410E}.Debug|Any CPU.ActiveCfg = Debug|Any CPU
		{1258650C-0B03-4DEE-A6B1-47D8856B410E}.Debug|Any CPU.Build.0 = Debug|Any CPU
		{1258650C-0B03-4DEE-A6B1-47D8856B410E}.Release|Any CPU.ActiveCfg = Release|Any CPU
		{1258650C-0B03-4DEE-A6B1-47D8856B410E}.Release|Any CPU.Build.0 = Release|Any CPU
	EndGlobalSection
	GlobalSection(SolutionProperties) = preSolution
		HideSolutionNode = FALSE
	EndGlobalSection
	GlobalSection(ExtensibilityGlobals) = postSolution
		SolutionGuid = {AE102BCE-0830-4EE9-AE14-9B1D73FC1FD6}
	EndGlobalSection
EndGlobal
